
Microsoft Visual Studio Solution File, Format Version 12.00
# Visual Studio Version 17
VisualStudioVersion = 17.5.002.0
MinimumVisualStudioVersion = 10.0.40219.1
Project("{2150E333-8FDC-42A3-9474-1A3956D46DE8}") = "visibility", "visibility", "{C9ED48EE-FA87-4EDF-8998-499FAE832540}"
EndProject
Project("{2150E333-8FDC-42A3-9474-1A3956D46DE8}") = "windows", "windows", "{6A1D4FC3-ADE7-4DA3-8C78-AE2167949DDB}"
EndProject
Project("{2150E333-8FDC-42A3-9474-1A3956D46DE8}") = "amsi", "amsi", "{87C70AF3-2019-4D5A-84BF-08023AB289B3}"
EndProject
Project("{9A19103F-16F7-4668-BE54-9A1E7A4F7556}") = "amsiwatcher", "visibility\windows\amsi\amsiwatcher\amsiwatcher.csproj", "{6C237291-CB04-4813-B742-09BC4ADCF636}"
EndProject
Global
	GlobalSection(SolutionConfigurationPlatforms) = preSolution
		Debug|Any CPU = Debug|Any CPU
		Release|Any CPU = Release|Any CPU
	EndGlobalSection
	GlobalSection(ProjectConfigurationPlatforms) = postSolution
		{6C237291-CB04-4813-B742-09BC4ADCF636}.Debug|Any CPU.ActiveCfg = Debug|Any CPU
		{6C237291-CB04-4813-B742-09BC4ADCF636}.Debug|Any CPU.Build.0 = Debug|Any CPU
		{6C237291-CB04-4813-B742-09BC4ADCF636}.Release|Any CPU.ActiveCfg = Release|Any CPU
		{6C237291-CB04-4813-B742-09BC4ADCF636}.Release|Any CPU.Build.0 = Release|Any CPU
	EndGlobalSection
	GlobalSection(SolutionProperties) = preSolution
		HideSolutionNode = FALSE
	EndGlobalSection
	GlobalSection(NestedProjects) = preSolution
		{6A1D4FC3-ADE7-4DA3-8C78-AE2167949DDB} = {C9ED48EE-FA87-4EDF-8998-499FAE832540}
		{87C70AF3-2019-4D5A-84BF-08023AB289B3} = {6A1D4FC3-ADE7-4DA3-8C78-AE2167949DDB}
		{6C237291-CB04-4813-B742-09BC4ADCF636} = {87C70AF3-2019-4D5A-84BF-08023AB289B3}
	EndGlobalSection
	GlobalSection(ExtensibilityGlobals) = postSolution
		SolutionGuid = {CDA97136-278B-41E3-908F-6361A81612F4}
	EndGlobalSection
EndGlobal
